# THIS IS AN AUTOGENERATED FILE. DO NOT EDIT THIS FILE DIRECTLY.
# yarn lockfile v1


srtparsejs@^1.0.8:
  version "1.0.8"
  resolved "https://registry.yarnpkg.com/srtparsejs/-/srtparsejs-1.0.8.tgz#7db2e95347f564dde83814c8aca24fa80d138d96"
  integrity sha512-xXyMHb8XWIFEYaLYa/RqXOXYdpxnk5VdonBEuv0CRfOxS8FVVeo4ZfPeUuhL3IRUQPClUxTI2oKPC0comyIPOA==
